
Microsoft Visual Studio Solution File, Format Version 12.00
# Visual Studio Version 16
VisualStudioVersion = 16.0.30907.101
MinimumVisualStudioVersion = 10.0.40219.1
Project("{FAE04EC0-301F-11D3-BF4B-00C04F79EFBC}") = "Computershare", "Computershare.csproj", "{5262B04D-37AC-4E8E-9D33-58F97A36AD33}"
EndProject
Project("{FAE04EC0-301F-11D3-BF4B-00C04F79EFBC}") = "Computershare.Tests", "..\Computershare.Tests\Computershare.Tests.csproj", "{C9B7E768-98BD-4E89-9D61-C916657F3A38}"
EndProject
Global
	GlobalSection(SolutionConfigurationPlatforms) = preSolution
		Debug|Any CPU = Debug|Any CPU
		Release|Any CPU = Release|Any CPU
	EndGlobalSection
	GlobalSection(ProjectConfigurationPlatforms) = postSolution
		{5262B04D-37AC-4E8E-9D33-58F97A36AD33}.Debug|Any CPU.ActiveCfg = Debug|Any CPU
		{5262B04D-37AC-4E8E-9D33-58F97A36AD33}.Debug|Any CPU.Build.0 = Debug|Any CPU
		{5262B04D-37AC-4E8E-9D33-58F97A36AD33}.Release|Any CPU.ActiveCfg = Release|Any CPU
		{5262B04D-37AC-4E8E-9D33-58F97A36AD33}.Release|Any CPU.Build.0 = Release|Any CPU
		{C9B7E768-98BD-4E89-9D61-C916657F3A38}.Debug|Any CPU.ActiveCfg = Debug|Any CPU
		{C9B7E768-98BD-4E89-9D61-C916657F3A38}.Debug|Any CPU.Build.0 = Debug|Any CPU
		{C9B7E768-98BD-4E89-9D61-C916657F3A38}.Release|Any CPU.ActiveCfg = Release|Any CPU
		{C9B7E768-98BD-4E89-9D61-C916657F3A38}.Release|Any CPU.Build.0 = Release|Any CPU
	EndGlobalSection
	GlobalSection(SolutionProperties) = preSolution
		HideSolutionNode = FALSE
	EndGlobalSection
	GlobalSection(ExtensibilityGlobals) = postSolution
		SolutionGuid = {1123B19C-A0F7-4E1F-821E-DB64A4F0D4B5}
	EndGlobalSection
EndGlobal
